// !$*UTF8*$!
{
	archiveVersion = 1;
	classes = {
	};
	objectVersion = 50;
	objects = {

/* Begin PBXBuildFile section */
		840430D822FECF33004DCD79 /* PickerView.swift in Sources */ = {isa = PBXBuildFile; fileRef = 840430D722FECF33004DCD79 /* PickerView.swift */; };
		8409BA6722FFC3050047B005 /* TextView.swift in Sources */ = {isa = PBXBuildFile; fileRef = 8409BA6622FFC3050047B005 /* TextView.swift */; };
		843B716022FC57FB00865C2A /* AppDelegate.swift in Sources */ = {isa = PBXBuildFile; fileRef = 843B715F22FC57FB00865C2A /* AppDelegate.swift */; };
		843B716222FC57FB00865C2A /* ViewController.swift in Sources */ = {isa = PBXBuildFile; fileRef = 843B716122FC57FB00865C2A /* ViewController.swift */; };
		843B716522FC57FB00865C2A /* Main.storyboard in Resources */ = {isa = PBXBuildFile; fileRef = 843B716322FC57FB00865C2A /* Main.storyboard */; };
		843B716722FC57FC00865C2A /* Assets.xcassets in Resources */ = {isa = PBXBuildFile; fileRef = 843B716622FC57FC00865C2A /* Assets.xcassets */; };
		843B716A22FC57FC00865C2A /* LaunchScreen.storyboard in Resources */ = {isa = PBXBuildFile; fileRef = 843B716822FC57FC00865C2A /* LaunchScreen.storyboard */; };
/* End PBXBuildFile section */

/* Begin PBXFileReference section */
		840430D722FECF33004DCD79 /* PickerView.swift */ = {isa = PBXFileReference; lastKnownFileType = sourcecode.swift; path = PickerView.swift; sourceTree = "<group>"; };
		8409BA6622FFC3050047B005 /* TextView.swift */ = {isa = PBXFileReference; lastKnownFileType = sourcecode.swift; path = TextView.swift; sourceTree = "<group>"; };
		843B715C22FC57FB00865C2A /* WorkingWithUIKit3.app */ = {isa = PBXFileReference; explicitFileType = wrapper.application; includeInIndex = 0; path = WorkingWithUIKit3.app; sourceTree = BUILT_PRODUCTS_DIR; };
		843B715F22FC57FB00865C2A /* AppDelegate.swift */ = {isa = PBXFileReference; lastKnownFileType = sourcecode.swift; path = AppDelegate.swift; sourceTree = "<group>"; };
		843B716122FC57FB00865C2A /* ViewController.swift */ = {isa = PBXFileReference; lastKnownFileType = sourcecode.swift; path = ViewController.swift; sourceTree = "<group>"; };
		843B716422FC57FB00865C2A /* Base */ = {isa = PBXFileReference; lastKnownFileType = file.storyboard; name = Base; path = Base.lproj/Main.storyboard; sourceTree = "<group>"; };
		843B716622FC57FC00865C2A /* Assets.xcassets */ = {isa = PBXFileReference; lastKnownFileType = folder.assetcatalog; path = Assets.xcassets; sourceTree = "<group>"; };
		843B716922FC57FC00865C2A /* Base */ = {isa = PBXFileReference; lastKnownFileType = file.storyboard; name = Base; path = Base.lproj/LaunchScreen.storyboard; sourceTree = "<group>"; };
		843B716B22FC57FC00865C2A /* Info.plist */ = {isa = PBXFileReference; lastKnownFileType = text.plist.xml; path = Info.plist; sourceTree = "<group>"; };
/* End PBXFileReference section */

/* Begin PBXFrameworksBuildPhase section */
		843B715922FC57FB00865C2A /* Frameworks */ = {
			isa = PBXFrameworksBuildPhase;
			buildActionMask = 2147483647;
			files = (
			);
			runOnlyForDeploymentPostprocessing = 0;
		};
/* End PBXFrameworksBuildPhase section */

/* Begin PBXGroup section */
		843B715322FC57FB00865C2A = {
			isa = PBXGroup;
			children = (
				843B715E22FC57FB00865C2A /* WorkingWithUIKit3 */,
				843B715D22FC57FB00865C2A /* Products */,
			);
			sourceTree = "<group>";
		};
		843B715D22FC57FB00865C2A /* Products */ = {
			isa = PBXGroup;
			children = (
				843B715C22FC57FB00865C2A /* WorkingWithUIKit3.app */,
			);
			name = Products;
			sourceTree = "<group>";
		};
		843B715E22FC57FB00865C2A /* WorkingWithUIKit3 */ = {
			isa = PBXGroup;
			children = (
				843B715F22FC57FB00865C2A /* AppDelegate.swift */,
				843B716122FC57FB00865C2A /* ViewController.swift */,
				843B716322FC57FB00865C2A /* Main.storyboard */,
				843B716622FC57FC00865C2A /* Assets.xcassets */,
				843B716822FC57FC00865C2A /* LaunchScreen.storyboard */,
				843B716B22FC57FC00865C2A /* Info.plist */,
				840430D722FECF33004DCD79 /* PickerView.swift */,
				8409BA6622FFC3050047B005 /* TextView.swift */,
			);
			path = WorkingWithUIKit3;
			sourceTree = "<group>";
		};
/* End PBXGroup section */

/* Begin PBXNativeTarget section */
		843B715B22FC57FB00865C2A /* WorkingWithUIKit3 */ = {
			isa = PBXNativeTarget;
			buildConfigurationList = 843B716E22FC57FC00865C2A /* Build configuration list for PBXNativeTarget "WorkingWithUIKit3" */;
			buildPhases = (
				843B715822FC57FB00865C2A /* Sources */,
				843B715922FC57FB00865C2A /* Frameworks */,
				843B715A22FC57FB00865C2A /* Resources */,
			);
			buildRules = (
			);
			dependencies = (
			);
			name = WorkingWithUIKit3;
			productName = WorkingWithUIKit3;
			productReference = 843B715C22FC57FB00865C2A /* WorkingWithUIKit3.app */;
			productType = "com.apple.product-type.application";
		};
/* End PBXNativeTarget section */

/* Begin PBXProject section */
		843B715422FC57FB00865C2A /* Project object */ = {
			isa = PBXProject;
			attributes = {
				LastSwiftUpdateCheck = 1030;
				LastUpgradeCheck = 1030;
				ORGANIZATIONNAME = "Nika Perepelkina";
				TargetAttributes = {
					843B715B22FC57FB00865C2A = {
						CreatedOnToolsVersion = 10.3;
					};
				};
			};
			buildConfigurationList = 843B715722FC57FB00865C2A /* Build configuration list for PBXProject "WorkingWithUIKit3" */;
			compatibilityVersion = "Xcode 9.3";
			developmentRegion = en;
			hasScannedForEncodings = 0;
			knownRegions = (
				en,
				Base,
			);
			mainGroup = 843B715322FC57FB00865C2A;
			productRefGroup = 843B715D22FC57FB00865C2A /* Products */;
			projectDirPath = "";
			projectRoot = "";
			targets = (
				843B715B22FC57FB00865C2A /* WorkingWithUIKit3 */,
			);
		};
/* End PBXProject section */

/* Begin PBXResourcesBuildPhase section */
		843B715A22FC57FB00865C2A /* Resources */ = {
			isa = PBXResourcesBuildPhase;
			buildActionMask = 2147483647;
			files = (
				843B716A22FC57FC00865C2A /* LaunchScreen.storyboard in Resources */,
				843B716722FC57FC00865C2A /* Assets.xcassets in Resources */,
				843B716522FC57FB00865C2A /* Main.storyboard in Resources */,
			);
			runOnlyForDeploymentPostprocessing = 0;
		};
/* End PBXResourcesBuildPhase section */

/* Begin PBXSourcesBuildPhase section */
		843B715822FC57FB00865C2A /* Sources */ = {
			isa = PBXSourcesBuildPhase;
			buildActionMask = 2147483647;
			files = (
				843B716222FC57FB00865C2A /* ViewController.swift in Sources */,
				8409BA6722FFC3050047B005 /* TextView.swift in Sources */,
				843B716022FC57FB00865C2A /* AppDelegate.swift in Sources */,
				840430D822FECF33004DCD79 /* PickerView.swift in Sources */,
			);
			runOnlyForDeploymentPostprocessing = 0;
		};
/* End PBXSourcesBuildPhase section */

/* Begin PBXVariantGroup section */
		843B716322FC57FB00865C2A /* Main.storyboard */ = {
			isa = PBXVariantGroup;
			children = (
				843B716422FC57FB00865C2A /* Base */,
			);
			name = Main.storyboard;
			sourceTree = "<group>";
		};
		843B716822FC57FC00865C2A /* LaunchScreen.storyboard */ = {
			isa = PBXVariantGroup;
			children = (
				843B716922FC57FC00865C2A /* Base */,
			);
			name = LaunchScreen.storyboard;
			sourceTree = "<group>";
		};
/* End PBXVariantGroup section */

/* Begin XCBuildConfiguration section */
		843B716C22FC57FC00865C2A /* Debug */ = {
			isa = XCBuildConfiguration;
			buildSettings = {
				ALWAYS_SEARCH_USER_PATHS = NO;
				CLANG_ANALYZER_NONNULL = YES;
				CLANG_ANALYZER_NUMBER_OBJECT_CONVERSION = YES_AGGRESSIVE;
				CLANG_CXX_LANGUAGE_STANDARD = "gnu++14";
				CLANG_CXX_LIBRARY = "libc++";
				CLANG_ENABLE_MODULES = YES;
				CLANG_ENABLE_OBJC_ARC = YES;
				CLANG_ENABLE_OBJC_WEAK = YES;
				CLANG_WARN_BLOCK_CAPTURE_AUTORELEASING = YES;
				CLANG_WARN_BOOL_CONVERSION = YES;
				CLANG_WARN_COMMA = YES;
				CLANG_WARN_CONSTANT_CONVERSION = YES;
				CLANG_WARN_DEPRECATED_OBJC_IMPLEMENTATIONS = YES;
				CLANG_WARN_DIRECT_OBJC_ISA_USAGE = YES_ERROR;
				CLANG_WARN_DOCUMENTATION_COMMENTS = YES;
				CLANG_WARN_EMPTY_BODY = YES;
				CLANG_WARN_ENUM_CONVERSION = YES;
				CLANG_WARN_INFINITE_RECURSION = YES;
				CLANG_WARN_INT_CONVERSION = YES;
				CLANG_WARN_NON_LITERAL_NULL_CONVERSION = YES;
				CLANG_WARN_OBJC_IMPLICIT_RETAIN_SELF = YES;
				CLANG_WARN_OBJC_LITERAL_CONVERSION = YES;
				CLANG_WARN_OBJC_ROOT_CLASS = YES_ERROR;
				CLANG_WARN_RANGE_LOOP_ANALYSIS = YES;
				CLANG_WARN_STRICT_PROTOTYPES = YES;
				CLANG_WARN_SUSPICIOUS_MOVE = YES;
				CLANG_WARN_UNGUARDED_AVAILABILITY = YES_AGGRESSIVE;
				CLANG_WARN_UNREACHABLE_CODE = YES;
				CLANG_WARN__DUPLICATE_METHOD_MATCH = YES;
				CODE_SIGN_IDENTITY = "iPhone Developer";
				COPY_PHASE_STRIP = NO;
				DEBUG_INFORMATION_FORMAT = dwarf;
				ENABLE_STRICT_OBJC_MSGSEND = YES;
				ENABLE_TESTABILITY = YES;
				GCC_C_LANGUAGE_STANDARD = gnu11;
				GCC_DYNAMIC_NO_PIC = NO;
				GCC_NO_COMMON_BLOCKS = YES;
				GCC_OPTIMIZATION_LEVEL = 0;
				GCC_PREPROCESSOR_DEFINITIONS = (
					"DEBUG=1",
					"$(inherited)",
				);
				GCC_WARN_64_TO_32_BIT_CONVERSION = YES;
				GCC_WARN_ABOUT_RETURN_TYPE = YES_ERROR;
				GCC_WARN_UNDECLARED_SELECTOR = YES;
				GCC_WARN_UNINITIALIZED_AUTOS = YES_AGGRESSIVE;
				GCC_WARN_UNUSED_FUNCTION = YES;
				GCC_WARN_UNUSED_VARIABLE = YES;
				IPHONEOS_DEPLOYMENT_TARGET = 12.4;
				MTL_ENABLE_DEBUG_INFO = INCLUDE_SOURCE;
				MTL_FAST_MATH = YES;
				ONLY_ACTIVE_ARCH = YES;
				SDKROOT = iphoneos;
				SWIFT_ACTIVE_COMPILATION_CONDITIONS = DEBUG;
				SWIFT_OPTIMIZATION_LEVEL = "-Onone";
			};
			name = Debug;
		};
		843B716D22FC57FC00865C2A /* Release */ = {
			isa = XCBuildConfiguration;
			buildSettings = {
				ALWAYS_SEARCH_USER_PATHS = NO;
				CLANG_ANALYZER_NONNULL = YES;
				CLANG_ANALYZER_NUMBER_OBJECT_CONVERSION = YES_AGGRESSIVE;
				CLANG_CXX_LANGUAGE_STANDARD = "gnu++14";
				CLANG_CXX_LIBRARY = "libc++";
				CLANG_ENABLE_MODULES = YES;
				CLANG_ENABLE_OBJC_ARC = YES;
				CLANG_ENABLE_OBJC_WEAK = YES;
				CLANG_WARN_BLOCK_CAPTURE_AUTORELEASING = YES;
				CLANG_WARN_BOOL_CONVERSION = YES;
				CLANG_WARN_COMMA = YES;
				CLANG_WARN_CONSTANT_CONVERSION = YES;
				CLANG_WARN_DEPRECATED_OBJC_IMPLEMENTATIONS = YES;
				CLANG_WARN_DIRECT_OBJC_ISA_USAGE = YES_ERROR;
				CLANG_WARN_DOCUMENTATION_COMMENTS = YES;
				CLANG_WARN_EMPTY_BODY = YES;
				CLANG_WARN_ENUM_CONVERSION = YES;
				CLANG_WARN_INFINITE_RECURSION = YES;
				CLANG_WARN_INT_CONVERSION = YES;
				CLANG_WARN_NON_LITERAL_NULL_CONVERSION = YES;
				CLANG_WARN_OBJC_IMPLICIT_RETAIN_SELF = YES;
				CLANG_WARN_OBJC_LITERAL_CONVERSION = YES;
				CLANG_WARN_OBJC_ROOT_CLASS = YES_ERROR;
				CLANG_WARN_RANGE_LOOP_ANALYSIS = YES;
				CLANG_WARN_STRICT_PROTOTYPES = YES;
				CLANG_WARN_SUSPICIOUS_MOVE = YES;
				CLANG_WARN_UNGUARDED_AVAILABILITY = YES_AGGRESSIVE;
				CLANG_WARN_UNREACHABLE_CODE = YES;
				CLANG_WARN__DUPLICATE_METHOD_MATCH = YES;
				CODE_SIGN_IDENTITY = "iPhone Developer";
				COPY_PHASE_STRIP = NO;
				DEBUG_INFORMATION_FORMAT = "dwarf-with-dsym";
				ENABLE_NS_ASSERTIONS = NO;
				ENABLE_STRICT_OBJC_MSGSEND = YES;
				GCC_C_LANGUAGE_STANDARD = gnu11;
				GCC_NO_COMMON_BLOCKS = YES;
				GCC_WARN_64_TO_32_BIT_CONVERSION = YES;
				GCC_WARN_ABOUT_RETURN_TYPE = YES_ERROR;
				GCC_WARN_UNDECLARED_SELECTOR = YES;
				GCC_WARN_UNINITIALIZED_AUTOS = YES_AGGRESSIVE;
				GCC_WARN_UNUSED_FUNCTION = YES;
				GCC_WARN_UNUSED_VARIABLE = YES;
				IPHONEOS_DEPLOYMENT_TARGET = 12.4;
				MTL_ENABLE_DEBUG_INFO = NO;
				MTL_FAST_MATH = YES;
				SDKROOT = iphoneos;
				SWIFT_COMPILATION_MODE = wholemodule;
				SWIFT_OPTIMIZATION_LEVEL = "-O";
				VALIDATE_PRODUCT = YES;
			};
			name = Release;
		};
		843B716F22FC57FC00865C2A /* Debug */ = {
			isa = XCBuildConfiguration;
			buildSettings = {
				ASSETCATALOG_COMPILER_APPICON_NAME = AppIcon;
				CODE_SIGN_STYLE = Automatic;
				DEVELOPMENT_TEAM = BCGT84N7ZJ;
				INFOPLIST_FILE = WorkingWithUIKit3/Info.plist;
				LD_RUNPATH_SEARCH_PATHS = (
					"$(inherited)",
					"@executable_path/Frameworks",
				);
				PRODUCT_BUNDLE_IDENTIFIER = "-23.WorkingWithUIKit3";
				PRODUCT_NAME = "$(TARGET_NAME)";
				SWIFT_VERSION = 5.0;
				TARGETED_DEVICE_FAMILY = "1,2";
			};
			name = Debug;
		};
		843B717022FC57FC00865C2A /* Release */ = {
			isa = XCBuildConfiguration;
			buildSettings = {
				ASSETCATALOG_COMPILER_APPICON_NAME = AppIcon;
				CODE_SIGN_STYLE = Automatic;
				DEVELOPMENT_TEAM = BCGT84N7ZJ;
				INFOPLIST_FILE = WorkingWithUIKit3/Info.plist;
				LD_RUNPATH_SEARCH_PATHS = (
					"$(inherited)",
					"@executable_path/Frameworks",
				);
				PRODUCT_BUNDLE_IDENTIFIER = "-23.WorkingWithUIKit3";
				PRODUCT_NAME = "$(TARGET_NAME)";
				SWIFT_VERSION = 5.0;
				TARGETED_DEVICE_FAMILY = "1,2";
			};
			name = Release;
		};
/* End XCBuildConfiguration section */

/* Begin XCConfigurationList section */
		843B715722FC57FB00865C2A /* Build configuration list for PBXProject "WorkingWithUIKit3" */ = {
			isa = XCConfigurationList;
			buildConfigurations = (
				843B716C22FC57FC00865C2A /* Debug */,
				843B716D22FC57FC00865C2A /* Release */,
			);
			defaultConfigurationIsVisible = 0;
			defaultConfigurationName = Release;
		};
		843B716E22FC57FC00865C2A /* Build configuration list for PBXNativeTarget "WorkingWithUIKit3" */ = {
			isa = XCConfigurationList;
			buildConfigurations = (
				843B716F22FC57FC00865C2A /* Debug */,
				843B717022FC57FC00865C2A /* Release */,
			);
			defaultConfigurationIsVisible = 0;
			defaultConfigurationName = Release;
		};
/* End XCConfigurationList section */
	};
	rootObject = 843B715422FC57FB00865C2A /* Project object */;
}
